
Microsoft Visual Studio Solution File, Format Version 12.00
# Visual Studio Version 16
VisualStudioVersion = 16.0.32510.428
MinimumVisualStudioVersion = 10.0.40219.1
Project("{FAE04EC0-301F-11D3-BF4B-00C04F79EFBC}") = "Autofacturador", "./Autofacturador.csproj", "{B1170AB1-F9AC-4DF2-8573-1BD0D8189EDD}"
EndProject
Global
	GlobalSection(SolutionConfigurationPlatforms) = preSolution
		Debug|Any CPU = Debug|Any CPU
		Release|Any CPU = Release|Any CPU
	EndGlobalSection
	GlobalSection(ProjectConfigurationPlatforms) = postSolution
		{B1170AB1-F9AC-4DF2-8573-1BD0D8189EDD}.Debug|Any CPU.ActiveCfg = Debug|Any CPU
		{B1170AB1-F9AC-4DF2-8573-1BD0D8189EDD}.Debug|Any CPU.Build.0 = Debug|Any CPU
		{B1170AB1-F9AC-4DF2-8573-1BD0D8189EDD}.Release|Any CPU.ActiveCfg = Release|Any CPU
		{B1170AB1-F9AC-4DF2-8573-1BD0D8189EDD}.Release|Any CPU.Build.0 = Release|Any CPU
	EndGlobalSection
	GlobalSection(SolutionProperties) = preSolution
		HideSolutionNode = FALSE
	EndGlobalSection
	GlobalSection(ExtensibilityGlobals) = postSolution
		SolutionGuid = {B02076BB-B95B-4B8D-A747-D0C58648F568}
	EndGlobalSection
EndGlobal
